
Microsoft Visual Studio Solution File, Format Version 11.00
# Visual Studio 2010
Project("{FAE04EC0-301F-11D3-BF4B-00C04F79EFBC}") = "EquellaOfficeScrapbookIntegration", "EquellaOfficeScrapbookIntegration\EquellaOfficeScrapbookIntegration.csproj", "{A23E2004-BE72-47C2-8657-2775367F3A5E}"
EndProject
Project("{54435603-DBB4-11D2-8724-00A0C9A8B90C}") = "EquellaOfficeIntegrationInstaller", "EquellaOfficeIntegrationInstaller\EquellaOfficeIntegrationInstaller.vdproj", "{40D4B278-778A-4332-A481-3DA7EE66172B}"
EndProject
Project("{FAE04EC0-301F-11D3-BF4B-00C04F79EFBC}") = "ForDevelopers", "ForDevelopers\ForDevelopers.csproj", "{D7B82EA2-D0BA-4751-B6FE-465F41381D5E}"
EndProject
Global
	GlobalSection(SolutionConfigurationPlatforms) = preSolution
		Debug|Any CPU = Debug|Any CPU
		Debug|Mixed Platforms = Debug|Mixed Platforms
		Debug|x86 = Debug|x86
		Release|Any CPU = Release|Any CPU
		Release|Mixed Platforms = Release|Mixed Platforms
		Release|x86 = Release|x86
	EndGlobalSection
	GlobalSection(ProjectConfigurationPlatforms) = postSolution
		{A23E2004-BE72-47C2-8657-2775367F3A5E}.Debug|Any CPU.ActiveCfg = Debug|Any CPU
		{A23E2004-BE72-47C2-8657-2775367F3A5E}.Debug|Any CPU.Build.0 = Debug|Any CPU
		{A23E2004-BE72-47C2-8657-2775367F3A5E}.Debug|Mixed Platforms.ActiveCfg = Debug|Any CPU
		{A23E2004-BE72-47C2-8657-2775367F3A5E}.Debug|Mixed Platforms.Build.0 = Debug|Any CPU
		{A23E2004-BE72-47C2-8657-2775367F3A5E}.Debug|x86.ActiveCfg = Debug|Any CPU
		{A23E2004-BE72-47C2-8657-2775367F3A5E}.Release|Any CPU.ActiveCfg = Release|Any CPU
		{A23E2004-BE72-47C2-8657-2775367F3A5E}.Release|Any CPU.Build.0 = Release|Any CPU
		{A23E2004-BE72-47C2-8657-2775367F3A5E}.Release|Mixed Platforms.ActiveCfg = Release|Any CPU
		{A23E2004-BE72-47C2-8657-2775367F3A5E}.Release|Mixed Platforms.Build.0 = Release|Any CPU
		{A23E2004-BE72-47C2-8657-2775367F3A5E}.Release|x86.ActiveCfg = Release|Any CPU
		{40D4B278-778A-4332-A481-3DA7EE66172B}.Debug|Any CPU.ActiveCfg = Debug
		{40D4B278-778A-4332-A481-3DA7EE66172B}.Debug|Mixed Platforms.ActiveCfg = Debug
		{40D4B278-778A-4332-A481-3DA7EE66172B}.Debug|x86.ActiveCfg = Debug
		{40D4B278-778A-4332-A481-3DA7EE66172B}.Release|Any CPU.ActiveCfg = Release
		{40D4B278-778A-4332-A481-3DA7EE66172B}.Release|Mixed Platforms.ActiveCfg = Release
		{40D4B278-778A-4332-A481-3DA7EE66172B}.Release|x86.ActiveCfg = Release
		{D7B82EA2-D0BA-4751-B6FE-465F41381D5E}.Debug|Any CPU.ActiveCfg = Debug|x86
		{D7B82EA2-D0BA-4751-B6FE-465F41381D5E}.Debug|Mixed Platforms.ActiveCfg = Debug|x86
		{D7B82EA2-D0BA-4751-B6FE-465F41381D5E}.Debug|Mixed Platforms.Build.0 = Debug|x86
		{D7B82EA2-D0BA-4751-B6FE-465F41381D5E}.Debug|x86.ActiveCfg = Debug|x86
		{D7B82EA2-D0BA-4751-B6FE-465F41381D5E}.Debug|x86.Build.0 = Debug|x86
		{D7B82EA2-D0BA-4751-B6FE-465F41381D5E}.Release|Any CPU.ActiveCfg = Release|x86
		{D7B82EA2-D0BA-4751-B6FE-465F41381D5E}.Release|Mixed Platforms.ActiveCfg = Release|x86
		{D7B82EA2-D0BA-4751-B6FE-465F41381D5E}.Release|Mixed Platforms.Build.0 = Release|x86
		{D7B82EA2-D0BA-4751-B6FE-465F41381D5E}.Release|x86.ActiveCfg = Release|x86
		{D7B82EA2-D0BA-4751-B6FE-465F41381D5E}.Release|x86.Build.0 = Release|x86
	EndGlobalSection
	GlobalSection(SolutionProperties) = preSolution
		HideSolutionNode = FALSE
	EndGlobalSection
EndGlobal
