
Microsoft Visual Studio Solution File, Format Version 11.00
# Visual Studio 2010
Project("{E24C65DC-7377-472B-9ABA-BC803B73C61A}") = "dotnet", ".", "{04EF40E3-EB1A-4DCC-9BE9-B96E494E0B67}"
	ProjectSection(WebsiteProperties) = preProject
		TargetFrameworkMoniker = ".NETFramework,Version%3Dv4.0"
		Debug.AspNetCompiler.VirtualPath = "/dotnet"
		Debug.AspNetCompiler.PhysicalPath = "..\dotnet\"
		Debug.AspNetCompiler.TargetPath = "PrecompiledWeb\dotnet\"
		Debug.AspNetCompiler.Updateable = "true"
		Debug.AspNetCompiler.ForceOverwrite = "true"
		Debug.AspNetCompiler.FixedNames = "false"
		Debug.AspNetCompiler.Debug = "True"
		Release.AspNetCompiler.VirtualPath = "/dotnet"
		Release.AspNetCompiler.PhysicalPath = "..\dotnet\"
		Release.AspNetCompiler.TargetPath = "PrecompiledWeb\dotnet\"
		Release.AspNetCompiler.Updateable = "true"
		Release.AspNetCompiler.ForceOverwrite = "true"
		Release.AspNetCompiler.FixedNames = "false"
		Release.AspNetCompiler.Debug = "False"
		VWDPort = "52601"
	EndProjectSection
EndProject
Global
	GlobalSection(SolutionConfigurationPlatforms) = preSolution
		Debug|Any CPU = Debug|Any CPU
	EndGlobalSection
	GlobalSection(ProjectConfigurationPlatforms) = postSolution
		{04EF40E3-EB1A-4DCC-9BE9-B96E494E0B67}.Debug|Any CPU.ActiveCfg = Debug|Any CPU
		{04EF40E3-EB1A-4DCC-9BE9-B96E494E0B67}.Debug|Any CPU.Build.0 = Debug|Any CPU
	EndGlobalSection
	GlobalSection(SolutionProperties) = preSolution
		HideSolutionNode = FALSE
	EndGlobalSection
EndGlobal
